// !$*UTF8*$!
{
	archiveVersion = 1;
	classes = {
	};
	objectVersion = 56;
	objects = {

/* Begin PBXBuildFile section */
		E7EAC9D92B70EE1A00486A5B /* MapApp.swift in Sources */ = {isa = PBXBuildFile; fileRef = E7EAC9D82B70EE1A00486A5B /* MapApp.swift */; };
		E7EAC9DB2B70EE1A00486A5B /* ContentView.swift in Sources */ = {isa = PBXBuildFile; fileRef = E7EAC9DA2B70EE1A00486A5B /* ContentView.swift */; };
		E7EAC9DD2B70EE1B00486A5B /* Assets.xcassets in Resources */ = {isa = PBXBuildFile; fileRef = E7EAC9DC2B70EE1B00486A5B /* Assets.xcassets */; };
		E7EAC9E02B70EE1B00486A5B /* Preview Assets.xcassets in Resources */ = {isa = PBXBuildFile; fileRef = E7EAC9DF2B70EE1B00486A5B /* Preview Assets.xcassets */; };
		E7EAC9EA2B70EE1B00486A5B /* MapTests.swift in Sources */ = {isa = PBXBuildFile; fileRef = E7EAC9E92B70EE1B00486A5B /* MapTests.swift */; };
		E7EAC9F42B70EE1B00486A5B /* MapUITests.swift in Sources */ = {isa = PBXBuildFile; fileRef = E7EAC9F32B70EE1B00486A5B /* MapUITests.swift */; };
		E7EAC9F62B70EE1B00486A5B /* MapUITestsLaunchTests.swift in Sources */ = {isa = PBXBuildFile; fileRef = E7EAC9F52B70EE1B00486A5B /* MapUITestsLaunchTests.swift */; };
		E7EACA032B7108AA00486A5B /* LocationDetailsView.swift in Sources */ = {isa = PBXBuildFile; fileRef = E7EACA022B7108AA00486A5B /* LocationDetailsView.swift */; };
/* End PBXBuildFile section */

/* Begin PBXContainerItemProxy section */
		E7EAC9E62B70EE1B00486A5B /* PBXContainerItemProxy */ = {
			isa = PBXContainerItemProxy;
			containerPortal = E7EAC9CD2B70EE1900486A5B /* Project object */;
			proxyType = 1;
			remoteGlobalIDString = E7EAC9D42B70EE1900486A5B;
			remoteInfo = Map;
		};
		E7EAC9F02B70EE1B00486A5B /* PBXContainerItemProxy */ = {
			isa = PBXContainerItemProxy;
			containerPortal = E7EAC9CD2B70EE1900486A5B /* Project object */;
			proxyType = 1;
			remoteGlobalIDString = E7EAC9D42B70EE1900486A5B;
			remoteInfo = Map;
		};
/* End PBXContainerItemProxy section */

/* Begin PBXFileReference section */
		E7EAC9D52B70EE1A00486A5B /* Map.app */ = {isa = PBXFileReference; explicitFileType = wrapper.application; includeInIndex = 0; path = Map.app; sourceTree = BUILT_PRODUCTS_DIR; };
		E7EAC9D82B70EE1A00486A5B /* MapApp.swift */ = {isa = PBXFileReference; lastKnownFileType = sourcecode.swift; path = MapApp.swift; sourceTree = "<group>"; };
		E7EAC9DA2B70EE1A00486A5B /* ContentView.swift */ = {isa = PBXFileReference; lastKnownFileType = sourcecode.swift; path = ContentView.swift; sourceTree = "<group>"; };
		E7EAC9DC2B70EE1B00486A5B /* Assets.xcassets */ = {isa = PBXFileReference; lastKnownFileType = folder.assetcatalog; path = Assets.xcassets; sourceTree = "<group>"; };
		E7EAC9DF2B70EE1B00486A5B /* Preview Assets.xcassets */ = {isa = PBXFileReference; lastKnownFileType = folder.assetcatalog; path = "Preview Assets.xcassets"; sourceTree = "<group>"; };
		E7EAC9E52B70EE1B00486A5B /* MapTests.xctest */ = {isa = PBXFileReference; explicitFileType = wrapper.cfbundle; includeInIndex = 0; path = MapTests.xctest; sourceTree = BUILT_PRODUCTS_DIR; };
		E7EAC9E92B70EE1B00486A5B /* MapTests.swift */ = {isa = PBXFileReference; lastKnownFileType = sourcecode.swift; path = MapTests.swift; sourceTree = "<group>"; };
		E7EAC9EF2B70EE1B00486A5B /* MapUITests.xctest */ = {isa = PBXFileReference; explicitFileType = wrapper.cfbundle; includeInIndex = 0; path = MapUITests.xctest; sourceTree = BUILT_PRODUCTS_DIR; };
		E7EAC9F32B70EE1B00486A5B /* MapUITests.swift */ = {isa = PBXFileReference; lastKnownFileType = sourcecode.swift; path = MapUITests.swift; sourceTree = "<group>"; };
		E7EAC9F52B70EE1B00486A5B /* MapUITestsLaunchTests.swift */ = {isa = PBXFileReference; lastKnownFileType = sourcecode.swift; path = MapUITestsLaunchTests.swift; sourceTree = "<group>"; };
		E7EACA022B7108AA00486A5B /* LocationDetailsView.swift */ = {isa = PBXFileReference; lastKnownFileType = sourcecode.swift; path = LocationDetailsView.swift; sourceTree = "<group>"; };
/* End PBXFileReference section */

/* Begin PBXFrameworksBuildPhase section */
		E7EAC9D22B70EE1900486A5B /* Frameworks */ = {
			isa = PBXFrameworksBuildPhase;
			buildActionMask = 2147483647;
			files = (
			);
			runOnlyForDeploymentPostprocessing = 0;
		};
		E7EAC9E22B70EE1B00486A5B /* Frameworks */ = {
			isa = PBXFrameworksBuildPhase;
			buildActionMask = 2147483647;
			files = (
			);
			runOnlyForDeploymentPostprocessing = 0;
		};
		E7EAC9EC2B70EE1B00486A5B /* Frameworks */ = {
			isa = PBXFrameworksBuildPhase;
			buildActionMask = 2147483647;
			files = (
			);
			runOnlyForDeploymentPostprocessing = 0;
		};
/* End PBXFrameworksBuildPhase section */

/* Begin PBXGroup section */
		E7EAC9CC2B70EE1900486A5B = {
			isa = PBXGroup;
			children = (
				E7EAC9D72B70EE1A00486A5B /* Map */,
				E7EAC9E82B70EE1B00486A5B /* MapTests */,
				E7EAC9F22B70EE1B00486A5B /* MapUITests */,
				E7EAC9D62B70EE1A00486A5B /* Products */,
			);
			sourceTree = "<group>";
		};
		E7EAC9D62B70EE1A00486A5B /* Products */ = {
			isa = PBXGroup;
			children = (
				E7EAC9D52B70EE1A00486A5B /* Map.app */,
				E7EAC9E52B70EE1B00486A5B /* MapTests.xctest */,
				E7EAC9EF2B70EE1B00486A5B /* MapUITests.xctest */,
			);
			name = Products;
			sourceTree = "<group>";
		};
		E7EAC9D72B70EE1A00486A5B /* Map */ = {
			isa = PBXGroup;
			children = (
				E7EAC9D82B70EE1A00486A5B /* MapApp.swift */,
				E7EAC9DA2B70EE1A00486A5B /* ContentView.swift */,
				E7EAC9DC2B70EE1B00486A5B /* Assets.xcassets */,
				E7EAC9DE2B70EE1B00486A5B /* Preview Content */,
				E7EACA022B7108AA00486A5B /* LocationDetailsView.swift */,
			);
			path = Map;
			sourceTree = "<group>";
		};
		E7EAC9DE2B70EE1B00486A5B /* Preview Content */ = {
			isa = PBXGroup;
			children = (
				E7EAC9DF2B70EE1B00486A5B /* Preview Assets.xcassets */,
			);
			path = "Preview Content";
			sourceTree = "<group>";
		};
		E7EAC9E82B70EE1B00486A5B /* MapTests */ = {
			isa = PBXGroup;
			children = (
				E7EAC9E92B70EE1B00486A5B /* MapTests.swift */,
			);
			path = MapTests;
			sourceTree = "<group>";
		};
		E7EAC9F22B70EE1B00486A5B /* MapUITests */ = {
			isa = PBXGroup;
			children = (
				E7EAC9F32B70EE1B00486A5B /* MapUITests.swift */,
				E7EAC9F52B70EE1B00486A5B /* MapUITestsLaunchTests.swift */,
			);
			path = MapUITests;
			sourceTree = "<group>";
		};
/* End PBXGroup section */

/* Begin PBXNativeTarget section */
		E7EAC9D42B70EE1900486A5B /* Map */ = {
			isa = PBXNativeTarget;
			buildConfigurationList = E7EAC9F92B70EE1B00486A5B /* Build configuration list for PBXNativeTarget "Map" */;
			buildPhases = (
				E7EAC9D12B70EE1900486A5B /* Sources */,
				E7EAC9D22B70EE1900486A5B /* Frameworks */,
				E7EAC9D32B70EE1900486A5B /* Resources */,
			);
			buildRules = (
			);
			dependencies = (
			);
			name = Map;
			productName = Map;
			productReference = E7EAC9D52B70EE1A00486A5B /* Map.app */;
			productType = "com.apple.product-type.application";
		};
		E7EAC9E42B70EE1B00486A5B /* MapTests */ = {
			isa = PBXNativeTarget;
			buildConfigurationList = E7EAC9FC2B70EE1B00486A5B /* Build configuration list for PBXNativeTarget "MapTests" */;
			buildPhases = (
				E7EAC9E12B70EE1B00486A5B /* Sources */,
				E7EAC9E22B70EE1B00486A5B /* Frameworks */,
				E7EAC9E32B70EE1B00486A5B /* Resources */,
			);
			buildRules = (
			);
			dependencies = (
				E7EAC9E72B70EE1B00486A5B /* PBXTargetDependency */,
			);
			name = MapTests;
			productName = MapTests;
			productReference = E7EAC9E52B70EE1B00486A5B /* MapTests.xctest */;
			productType = "com.apple.product-type.bundle.unit-test";
		};
		E7EAC9EE2B70EE1B00486A5B /* MapUITests */ = {
			isa = PBXNativeTarget;
			buildConfigurationList = E7EAC9FF2B70EE1B00486A5B /* Build configuration list for PBXNativeTarget "MapUITests" */;
			buildPhases = (
				E7EAC9EB2B70EE1B00486A5B /* Sources */,
				E7EAC9EC2B70EE1B00486A5B /* Frameworks */,
				E7EAC9ED2B70EE1B00486A5B /* Resources */,
			);
			buildRules = (
			);
			dependencies = (
				E7EAC9F12B70EE1B00486A5B /* PBXTargetDependency */,
			);
			name = MapUITests;
			productName = MapUITests;
			productReference = E7EAC9EF2B70EE1B00486A5B /* MapUITests.xctest */;
			productType = "com.apple.product-type.bundle.ui-testing";
		};
/* End PBXNativeTarget section */

/* Begin PBXProject section */
		E7EAC9CD2B70EE1900486A5B /* Project object */ = {
			isa = PBXProject;
			attributes = {
				BuildIndependentTargetsInParallel = 1;
				LastSwiftUpdateCheck = 1500;
				LastUpgradeCheck = 1500;
				TargetAttributes = {
					E7EAC9D42B70EE1900486A5B = {
						CreatedOnToolsVersion = 15.0.1;
					};
					E7EAC9E42B70EE1B00486A5B = {
						CreatedOnToolsVersion = 15.0.1;
						TestTargetID = E7EAC9D42B70EE1900486A5B;
					};
					E7EAC9EE2B70EE1B00486A5B = {
						CreatedOnToolsVersion = 15.0.1;
						TestTargetID = E7EAC9D42B70EE1900486A5B;
					};
				};
			};
			buildConfigurationList = E7EAC9D02B70EE1900486A5B /* Build configuration list for PBXProject "Map" */;
			compatibilityVersion = "Xcode 14.0";
			developmentRegion = en;
			hasScannedForEncodings = 0;
			knownRegions = (
				en,
				Base,
			);
			mainGroup = E7EAC9CC2B70EE1900486A5B;
			productRefGroup = E7EAC9D62B70EE1A00486A5B /* Products */;
			projectDirPath = "";
			projectRoot = "";
			targets = (
				E7EAC9D42B70EE1900486A5B /* Map */,
				E7EAC9E42B70EE1B00486A5B /* MapTests */,
				E7EAC9EE2B70EE1B00486A5B /* MapUITests */,
			);
		};
/* End PBXProject section */

/* Begin PBXResourcesBuildPhase section */
		E7EAC9D32B70EE1900486A5B /* Resources */ = {
			isa = PBXResourcesBuildPhase;
			buildActionMask = 2147483647;
			files = (
				E7EAC9E02B70EE1B00486A5B /* Preview Assets.xcassets in Resources */,
				E7EAC9DD2B70EE1B00486A5B /* Assets.xcassets in Resources */,
			);
			runOnlyForDeploymentPostprocessing = 0;
		};
		E7EAC9E32B70EE1B00486A5B /* Resources */ = {
			isa = PBXResourcesBuildPhase;
			buildActionMask = 2147483647;
			files = (
			);
			runOnlyForDeploymentPostprocessing = 0;
		};
		E7EAC9ED2B70EE1B00486A5B /* Resources */ = {
			isa = PBXResourcesBuildPhase;
			buildActionMask = 2147483647;
			files = (
			);
			runOnlyForDeploymentPostprocessing = 0;
		};
/* End PBXResourcesBuildPhase section */

/* Begin PBXSourcesBuildPhase section */
		E7EAC9D12B70EE1900486A5B /* Sources */ = {
			isa = PBXSourcesBuildPhase;
			buildActionMask = 2147483647;
			files = (
				E7EAC9DB2B70EE1A00486A5B /* ContentView.swift in Sources */,
				E7EACA032B7108AA00486A5B /* LocationDetailsView.swift in Sources */,
				E7EAC9D92B70EE1A00486A5B /* MapApp.swift in Sources */,
			);
			runOnlyForDeploymentPostprocessing = 0;
		};
		E7EAC9E12B70EE1B00486A5B /* Sources */ = {
			isa = PBXSourcesBuildPhase;
			buildActionMask = 2147483647;
			files = (
				E7EAC9EA2B70EE1B00486A5B /* MapTests.swift in Sources */,
			);
			runOnlyForDeploymentPostprocessing = 0;
		};
		E7EAC9EB2B70EE1B00486A5B /* Sources */ = {
			isa = PBXSourcesBuildPhase;
			buildActionMask = 2147483647;
			files = (
				E7EAC9F42B70EE1B00486A5B /* MapUITests.swift in Sources */,
				E7EAC9F62B70EE1B00486A5B /* MapUITestsLaunchTests.swift in Sources */,
			);
			runOnlyForDeploymentPostprocessing = 0;
		};
/* End PBXSourcesBuildPhase section */

/* Begin PBXTargetDependency section */
		E7EAC9E72B70EE1B00486A5B /* PBXTargetDependency */ = {
			isa = PBXTargetDependency;
			target = E7EAC9D42B70EE1900486A5B /* Map */;
			targetProxy = E7EAC9E62B70EE1B00486A5B /* PBXContainerItemProxy */;
		};
		E7EAC9F12B70EE1B00486A5B /* PBXTargetDependency */ = {
			isa = PBXTargetDependency;
			target = E7EAC9D42B70EE1900486A5B /* Map */;
			targetProxy = E7EAC9F02B70EE1B00486A5B /* PBXContainerItemProxy */;
		};
/* End PBXTargetDependency section */

/* Begin XCBuildConfiguration section */
		E7EAC9F72B70EE1B00486A5B /* Debug */ = {
			isa = XCBuildConfiguration;
			buildSettings = {
				ALWAYS_SEARCH_USER_PATHS = NO;
				ASSETCATALOG_COMPILER_GENERATE_SWIFT_ASSET_SYMBOL_EXTENSIONS = YES;
				CLANG_ANALYZER_NONNULL = YES;
				CLANG_ANALYZER_NUMBER_OBJECT_CONVERSION = YES_AGGRESSIVE;
				CLANG_CXX_LANGUAGE_STANDARD = "gnu++20";
				CLANG_ENABLE_MODULES = YES;
				CLANG_ENABLE_OBJC_ARC = YES;
				CLANG_ENABLE_OBJC_WEAK = YES;
				CLANG_WARN_BLOCK_CAPTURE_AUTORELEASING = YES;
				CLANG_WARN_BOOL_CONVERSION = YES;
				CLANG_WARN_COMMA = YES;
				CLANG_WARN_CONSTANT_CONVERSION = YES;
				CLANG_WARN_DEPRECATED_OBJC_IMPLEMENTATIONS = YES;
				CLANG_WARN_DIRECT_OBJC_ISA_USAGE = YES_ERROR;
				CLANG_WARN_DOCUMENTATION_COMMENTS = YES;
				CLANG_WARN_EMPTY_BODY = YES;
				CLANG_WARN_ENUM_CONVERSION = YES;
				CLANG_WARN_INFINITE_RECURSION = YES;
				CLANG_WARN_INT_CONVERSION = YES;
				CLANG_WARN_NON_LITERAL_NULL_CONVERSION = YES;
				CLANG_WARN_OBJC_IMPLICIT_RETAIN_SELF = YES;
				CLANG_WARN_OBJC_LITERAL_CONVERSION = YES;
				CLANG_WARN_OBJC_ROOT_CLASS = YES_ERROR;
				CLANG_WARN_QUOTED_INCLUDE_IN_FRAMEWORK_HEADER = YES;
				CLANG_WARN_RANGE_LOOP_ANALYSIS = YES;
				CLANG_WARN_STRICT_PROTOTYPES = YES;
				CLANG_WARN_SUSPICIOUS_MOVE = YES;
				CLANG_WARN_UNGUARDED_AVAILABILITY = YES_AGGRESSIVE;
				CLANG_WARN_UNREACHABLE_CODE = YES;
				CLANG_WARN__DUPLICATE_METHOD_MATCH = YES;
				COPY_PHASE_STRIP = NO;
				DEBUG_INFORMATION_FORMAT = dwarf;
				ENABLE_STRICT_OBJC_MSGSEND = YES;
				ENABLE_TESTABILITY = YES;
				ENABLE_USER_SCRIPT_SANDBOXING = YES;
				GCC_C_LANGUAGE_STANDARD = gnu17;
				GCC_DYNAMIC_NO_PIC = NO;
				GCC_NO_COMMON_BLOCKS = YES;
				GCC_OPTIMIZATION_LEVEL = 0;
				GCC_PREPROCESSOR_DEFINITIONS = (
					"DEBUG=1",
					"$(inherited)",
				);
				GCC_WARN_64_TO_32_BIT_CONVERSION = YES;
				GCC_WARN_ABOUT_RETURN_TYPE = YES_ERROR;
				GCC_WARN_UNDECLARED_SELECTOR = YES;
				GCC_WARN_UNINITIALIZED_AUTOS = YES_AGGRESSIVE;
				GCC_WARN_UNUSED_FUNCTION = YES;
				GCC_WARN_UNUSED_VARIABLE = YES;
				IPHONEOS_DEPLOYMENT_TARGET = 17.0;
				LOCALIZATION_PREFERS_STRING_CATALOGS = YES;
				MTL_ENABLE_DEBUG_INFO = INCLUDE_SOURCE;
				MTL_FAST_MATH = YES;
				ONLY_ACTIVE_ARCH = YES;
				SDKROOT = iphoneos;
				SWIFT_ACTIVE_COMPILATION_CONDITIONS = "DEBUG $(inherited)";
				SWIFT_OPTIMIZATION_LEVEL = "-Onone";
			};
			name = Debug;
		};
		E7EAC9F82B70EE1B00486A5B /* Release */ = {
			isa = XCBuildConfiguration;
			buildSettings = {
				ALWAYS_SEARCH_USER_PATHS = NO;
				ASSETCATALOG_COMPILER_GENERATE_SWIFT_ASSET_SYMBOL_EXTENSIONS = YES;
				CLANG_ANALYZER_NONNULL = YES;
				CLANG_ANALYZER_NUMBER_OBJECT_CONVERSION = YES_AGGRESSIVE;
				CLANG_CXX_LANGUAGE_STANDARD = "gnu++20";
				CLANG_ENABLE_MODULES = YES;
				CLANG_ENABLE_OBJC_ARC = YES;
				CLANG_ENABLE_OBJC_WEAK = YES;
				CLANG_WARN_BLOCK_CAPTURE_AUTORELEASING = YES;
				CLANG_WARN_BOOL_CONVERSION = YES;
				CLANG_WARN_COMMA = YES;
				CLANG_WARN_CONSTANT_CONVERSION = YES;
				CLANG_WARN_DEPRECATED_OBJC_IMPLEMENTATIONS = YES;
				CLANG_WARN_DIRECT_OBJC_ISA_USAGE = YES_ERROR;
				CLANG_WARN_DOCUMENTATION_COMMENTS = YES;
				CLANG_WARN_EMPTY_BODY = YES;
				CLANG_WARN_ENUM_CONVERSION = YES;
				CLANG_WARN_INFINITE_RECURSION = YES;
				CLANG_WARN_INT_CONVERSION = YES;
				CLANG_WARN_NON_LITERAL_NULL_CONVERSION = YES;
				CLANG_WARN_OBJC_IMPLICIT_RETAIN_SELF = YES;
				CLANG_WARN_OBJC_LITERAL_CONVERSION = YES;
				CLANG_WARN_OBJC_ROOT_CLASS = YES_ERROR;
				CLANG_WARN_QUOTED_INCLUDE_IN_FRAMEWORK_HEADER = YES;
				CLANG_WARN_RANGE_LOOP_ANALYSIS = YES;
				CLANG_WARN_STRICT_PROTOTYPES = YES;
				CLANG_WARN_SUSPICIOUS_MOVE = YES;
				CLANG_WARN_UNGUARDED_AVAILABILITY = YES_AGGRESSIVE;
				CLANG_WARN_UNREACHABLE_CODE = YES;
				CLANG_WARN__DUPLICATE_METHOD_MATCH = YES;
				COPY_PHASE_STRIP = NO;
				DEBUG_INFORMATION_FORMAT = "dwarf-with-dsym";
				ENABLE_NS_ASSERTIONS = NO;
				ENABLE_STRICT_OBJC_MSGSEND = YES;
				ENABLE_USER_SCRIPT_SANDBOXING = YES;
				GCC_C_LANGUAGE_STANDARD = gnu17;
				GCC_NO_COMMON_BLOCKS = YES;
				GCC_WARN_64_TO_32_BIT_CONVERSION = YES;
				GCC_WARN_ABOUT_RETURN_TYPE = YES_ERROR;
				GCC_WARN_UNDECLARED_SELECTOR = YES;
				GCC_WARN_UNINITIALIZED_AUTOS = YES_AGGRESSIVE;
				GCC_WARN_UNUSED_FUNCTION = YES;
				GCC_WARN_UNUSED_VARIABLE = YES;
				IPHONEOS_DEPLOYMENT_TARGET = 17.0;
				LOCALIZATION_PREFERS_STRING_CATALOGS = YES;
				MTL_ENABLE_DEBUG_INFO = NO;
				MTL_FAST_MATH = YES;
				SDKROOT = iphoneos;
				SWIFT_COMPILATION_MODE = wholemodule;
				VALIDATE_PRODUCT = YES;
			};
			name = Release;
		};
		E7EAC9FA2B70EE1B00486A5B /* Debug */ = {
			isa = XCBuildConfiguration;
			buildSettings = {
				ASSETCATALOG_COMPILER_APPICON_NAME = AppIcon;
				ASSETCATALOG_COMPILER_GLOBAL_ACCENT_COLOR_NAME = AccentColor;
				CODE_SIGN_STYLE = Automatic;
				CURRENT_PROJECT_VERSION = 1;
				DEVELOPMENT_ASSET_PATHS = "\"Map/Preview Content\"";
				ENABLE_PREVIEWS = YES;
				GENERATE_INFOPLIST_FILE = YES;
				INFOPLIST_KEY_UIApplicationSceneManifest_Generation = YES;
				INFOPLIST_KEY_UIApplicationSupportsIndirectInputEvents = YES;
				INFOPLIST_KEY_UILaunchScreen_Generation = YES;
				INFOPLIST_KEY_UISupportedInterfaceOrientations_iPad = "UIInterfaceOrientationPortrait UIInterfaceOrientationPortraitUpsideDown UIInterfaceOrientationLandscapeLeft UIInterfaceOrientationLandscapeRight";
				INFOPLIST_KEY_UISupportedInterfaceOrientations_iPhone = "UIInterfaceOrientationPortrait UIInterfaceOrientationLandscapeLeft UIInterfaceOrientationLandscapeRight";
				LD_RUNPATH_SEARCH_PATHS = (
					"$(inherited)",
					"@executable_path/Frameworks",
				);
				MARKETING_VERSION = 1.0;
				PRODUCT_BUNDLE_IDENTIFIER = com.practice.Map;
				PRODUCT_NAME = "$(TARGET_NAME)";
				SWIFT_EMIT_LOC_STRINGS = YES;
				SWIFT_VERSION = 5.0;
				TARGETED_DEVICE_FAMILY = "1,2";
			};
			name = Debug;
		};
		E7EAC9FB2B70EE1B00486A5B /* Release */ = {
			isa = XCBuildConfiguration;
			buildSettings = {
				ASSETCATALOG_COMPILER_APPICON_NAME = AppIcon;
				ASSETCATALOG_COMPILER_GLOBAL_ACCENT_COLOR_NAME = AccentColor;
				CODE_SIGN_STYLE = Automatic;
				CURRENT_PROJECT_VERSION = 1;
				DEVELOPMENT_ASSET_PATHS = "\"Map/Preview Content\"";
				ENABLE_PREVIEWS = YES;
				GENERATE_INFOPLIST_FILE = YES;
				INFOPLIST_KEY_UIApplicationSceneManifest_Generation = YES;
				INFOPLIST_KEY_UIApplicationSupportsIndirectInputEvents = YES;
				INFOPLIST_KEY_UILaunchScreen_Generation = YES;
				INFOPLIST_KEY_UISupportedInterfaceOrientations_iPad = "UIInterfaceOrientationPortrait UIInterfaceOrientationPortraitUpsideDown UIInterfaceOrientationLandscapeLeft UIInterfaceOrientationLandscapeRight";
				INFOPLIST_KEY_UISupportedInterfaceOrientations_iPhone = "UIInterfaceOrientationPortrait UIInterfaceOrientationLandscapeLeft UIInterfaceOrientationLandscapeRight";
				LD_RUNPATH_SEARCH_PATHS = (
					"$(inherited)",
					"@executable_path/Frameworks",
				);
				MARKETING_VERSION = 1.0;
				PRODUCT_BUNDLE_IDENTIFIER = com.practice.Map;
				PRODUCT_NAME = "$(TARGET_NAME)";
				SWIFT_EMIT_LOC_STRINGS = YES;
				SWIFT_VERSION = 5.0;
				TARGETED_DEVICE_FAMILY = "1,2";
			};
			name = Release;
		};
		E7EAC9FD2B70EE1B00486A5B /* Debug */ = {
			isa = XCBuildConfiguration;
			buildSettings = {
				ALWAYS_EMBED_SWIFT_STANDARD_LIBRARIES = YES;
				BUNDLE_LOADER = "$(TEST_HOST)";
				CODE_SIGN_STYLE = Automatic;
				CURRENT_PROJECT_VERSION = 1;
				GENERATE_INFOPLIST_FILE = YES;
				IPHONEOS_DEPLOYMENT_TARGET = 17.0;
				MARKETING_VERSION = 1.0;
				PRODUCT_BUNDLE_IDENTIFIER = com.practice.MapTests;
				PRODUCT_NAME = "$(TARGET_NAME)";
				SWIFT_EMIT_LOC_STRINGS = NO;
				SWIFT_VERSION = 5.0;
				TARGETED_DEVICE_FAMILY = "1,2";
				TEST_HOST = "$(BUILT_PRODUCTS_DIR)/Map.app/$(BUNDLE_EXECUTABLE_FOLDER_PATH)/Map";
			};
			name = Debug;
		};
		E7EAC9FE2B70EE1B00486A5B /* Release */ = {
			isa = XCBuildConfiguration;
			buildSettings = {
				ALWAYS_EMBED_SWIFT_STANDARD_LIBRARIES = YES;
				BUNDLE_LOADER = "$(TEST_HOST)";
				CODE_SIGN_STYLE = Automatic;
				CURRENT_PROJECT_VERSION = 1;
				GENERATE_INFOPLIST_FILE = YES;
				IPHONEOS_DEPLOYMENT_TARGET = 17.0;
				MARKETING_VERSION = 1.0;
				PRODUCT_BUNDLE_IDENTIFIER = com.practice.MapTests;
				PRODUCT_NAME = "$(TARGET_NAME)";
				SWIFT_EMIT_LOC_STRINGS = NO;
				SWIFT_VERSION = 5.0;
				TARGETED_DEVICE_FAMILY = "1,2";
				TEST_HOST = "$(BUILT_PRODUCTS_DIR)/Map.app/$(BUNDLE_EXECUTABLE_FOLDER_PATH)/Map";
			};
			name = Release;
		};
		E7EACA002B70EE1B00486A5B /* Debug */ = {
			isa = XCBuildConfiguration;
			buildSettings = {
				ALWAYS_EMBED_SWIFT_STANDARD_LIBRARIES = YES;
				CODE_SIGN_STYLE = Automatic;
				CURRENT_PROJECT_VERSION = 1;
				GENERATE_INFOPLIST_FILE = YES;
				MARKETING_VERSION = 1.0;
				PRODUCT_BUNDLE_IDENTIFIER = com.practice.MapUITests;
				PRODUCT_NAME = "$(TARGET_NAME)";
				SWIFT_EMIT_LOC_STRINGS = NO;
				SWIFT_VERSION = 5.0;
				TARGETED_DEVICE_FAMILY = "1,2";
				TEST_TARGET_NAME = Map;
			};
			name = Debug;
		};
		E7EACA012B70EE1B00486A5B /* Release */ = {
			isa = XCBuildConfiguration;
			buildSettings = {
				ALWAYS_EMBED_SWIFT_STANDARD_LIBRARIES = YES;
				CODE_SIGN_STYLE = Automatic;
				CURRENT_PROJECT_VERSION = 1;
				GENERATE_INFOPLIST_FILE = YES;
				MARKETING_VERSION = 1.0;
				PRODUCT_BUNDLE_IDENTIFIER = com.practice.MapUITests;
				PRODUCT_NAME = "$(TARGET_NAME)";
				SWIFT_EMIT_LOC_STRINGS = NO;
				SWIFT_VERSION = 5.0;
				TARGETED_DEVICE_FAMILY = "1,2";
				TEST_TARGET_NAME = Map;
			};
			name = Release;
		};
/* End XCBuildConfiguration section */

/* Begin XCConfigurationList section */
		E7EAC9D02B70EE1900486A5B /* Build configuration list for PBXProject "Map" */ = {
			isa = XCConfigurationList;
			buildConfigurations = (
				E7EAC9F72B70EE1B00486A5B /* Debug */,
				E7EAC9F82B70EE1B00486A5B /* Release */,
			);
			defaultConfigurationIsVisible = 0;
			defaultConfigurationName = Release;
		};
		E7EAC9F92B70EE1B00486A5B /* Build configuration list for PBXNativeTarget "Map" */ = {
			isa = XCConfigurationList;
			buildConfigurations = (
				E7EAC9FA2B70EE1B00486A5B /* Debug */,
				E7EAC9FB2B70EE1B00486A5B /* Release */,
			);
			defaultConfigurationIsVisible = 0;
			defaultConfigurationName = Release;
		};
		E7EAC9FC2B70EE1B00486A5B /* Build configuration list for PBXNativeTarget "MapTests" */ = {
			isa = XCConfigurationList;
			buildConfigurations = (
				E7EAC9FD2B70EE1B00486A5B /* Debug */,
				E7EAC9FE2B70EE1B00486A5B /* Release */,
			);
			defaultConfigurationIsVisible = 0;
			defaultConfigurationName = Release;
		};
		E7EAC9FF2B70EE1B00486A5B /* Build configuration list for PBXNativeTarget "MapUITests" */ = {
			isa = XCConfigurationList;
			buildConfigurations = (
				E7EACA002B70EE1B00486A5B /* Debug */,
				E7EACA012B70EE1B00486A5B /* Release */,
			);
			defaultConfigurationIsVisible = 0;
			defaultConfigurationName = Release;
		};
/* End XCConfigurationList section */
	};
	rootObject = E7EAC9CD2B70EE1900486A5B /* Project object */;
}
